
Microsoft Visual Studio Solution File, Format Version 12.00
# Visual Studio Version 16
VisualStudioVersion = 16.0.31507.150
MinimumVisualStudioVersion = 10.0.40219.1
Project("{9A19103F-16F7-4668-BE54-9A1E7A4F7556}") = "NetcoreNgMaterial", "netcorengmaterial\NetcoreNgMaterial.csproj", "{183D69FB-409A-4E8C-8A86-B1BEB713F2EE}"
EndProject
Global
	GlobalSection(SolutionConfigurationPlatforms) = preSolution
		Debug|Any CPU = Debug|Any CPU
		Release|Any CPU = Release|Any CPU
	EndGlobalSection
	GlobalSection(ProjectConfigurationPlatforms) = postSolution
		{183D69FB-409A-4E8C-8A86-B1BEB713F2EE}.Debug|Any CPU.ActiveCfg = Debug|Any CPU
		{183D69FB-409A-4E8C-8A86-B1BEB713F2EE}.Debug|Any CPU.Build.0 = Debug|Any CPU
		{183D69FB-409A-4E8C-8A86-B1BEB713F2EE}.Release|Any CPU.ActiveCfg = Release|Any CPU
		{183D69FB-409A-4E8C-8A86-B1BEB713F2EE}.Release|Any CPU.Build.0 = Release|Any CPU
	EndGlobalSection
	GlobalSection(SolutionProperties) = preSolution
		HideSolutionNode = FALSE
	EndGlobalSection
	GlobalSection(ExtensibilityGlobals) = postSolution
		SolutionGuid = {62E7DD11-209A-49DC-B61B-D12C7738EEC9}
	EndGlobalSection
EndGlobal
